
Microsoft Visual Studio Solution File, Format Version 12.00
# Visual Studio Version 17
VisualStudioVersion = 17.9.34728.123
MinimumVisualStudioVersion = 10.0.40219.1
Project("{FAE04EC0-301F-11D3-BF4B-00C04F79EFBC}") = "Bank arv", "Bank arv\Bank arv.csproj", "{22745298-42DD-4C23-B0BE-EEB9A0D84BAF}"
EndProject
Global
	GlobalSection(SolutionConfigurationPlatforms) = preSolution
		Debug|Any CPU = Debug|Any CPU
		Release|Any CPU = Release|Any CPU
	EndGlobalSection
	GlobalSection(ProjectConfigurationPlatforms) = postSolution
		{22745298-42DD-4C23-B0BE-EEB9A0D84BAF}.Debug|Any CPU.ActiveCfg = Debug|Any CPU
		{22745298-42DD-4C23-B0BE-EEB9A0D84BAF}.Debug|Any CPU.Build.0 = Debug|Any CPU
		{22745298-42DD-4C23-B0BE-EEB9A0D84BAF}.Release|Any CPU.ActiveCfg = Release|Any CPU
		{22745298-42DD-4C23-B0BE-EEB9A0D84BAF}.Release|Any CPU.Build.0 = Release|Any CPU
	EndGlobalSection
	GlobalSection(SolutionProperties) = preSolution
		HideSolutionNode = FALSE
	EndGlobalSection
	GlobalSection(ExtensibilityGlobals) = postSolution
		SolutionGuid = {79976C2A-1858-469C-8952-1A7007583F43}
	EndGlobalSection
EndGlobal
